
Microsoft Visual Studio Solution File, Format Version 12.00
# Visual Studio Version 16
VisualStudioVersion = 16.0.29324.140
MinimumVisualStudioVersion = 10.0.40219.1
Project("{FAE04EC0-301F-11D3-BF4B-00C04F79EFBC}") = "Lab5", "Lab5\Lab5.csproj", "{E657AF77-14CA-4D46-8BFF-8E4C88CBC5BB}"
EndProject
Global
	GlobalSection(SolutionConfigurationPlatforms) = preSolution
		Debug|Any CPU = Debug|Any CPU
		Release|Any CPU = Release|Any CPU
	EndGlobalSection
	GlobalSection(ProjectConfigurationPlatforms) = postSolution
		{E657AF77-14CA-4D46-8BFF-8E4C88CBC5BB}.Debug|Any CPU.ActiveCfg = Debug|Any CPU
		{E657AF77-14CA-4D46-8BFF-8E4C88CBC5BB}.Debug|Any CPU.Build.0 = Debug|Any CPU
		{E657AF77-14CA-4D46-8BFF-8E4C88CBC5BB}.Release|Any CPU.ActiveCfg = Release|Any CPU
		{E657AF77-14CA-4D46-8BFF-8E4C88CBC5BB}.Release|Any CPU.Build.0 = Release|Any CPU
	EndGlobalSection
	GlobalSection(SolutionProperties) = preSolution
		HideSolutionNode = FALSE
	EndGlobalSection
	GlobalSection(ExtensibilityGlobals) = postSolution
		SolutionGuid = {AAC49D26-5443-4825-A2A7-2D1E859203C1}
	EndGlobalSection
EndGlobal
